// !$*UTF8*$!
{
	archiveVersion = 1;
	classes = {
	};
	objectVersion = 50;
	objects = {

/* Begin PBXBuildFile section */
		8CC1FF200AC5664ECB61768C /* Pods_GDG_Alibi.framework in Frameworks */ = {isa = PBXBuildFile; fileRef = EB88BF19C0382508B5A12209 /* Pods_GDG_Alibi.framework */; };
		B6B6024E269348BE005E5E34 /* Home.storyboard in Resources */ = {isa = PBXBuildFile; fileRef = B6B6024D269348BE005E5E34 /* Home.storyboard */; };
		B6C4623E26933567007E28C8 /* AppDelegate.swift in Sources */ = {isa = PBXBuildFile; fileRef = B6C4623D26933567007E28C8 /* AppDelegate.swift */; };
		B6C4624726933568007E28C8 /* Assets.xcassets in Resources */ = {isa = PBXBuildFile; fileRef = B6C4624626933568007E28C8 /* Assets.xcassets */; };
		B6C4624A26933568007E28C8 /* LaunchScreen.storyboard in Resources */ = {isa = PBXBuildFile; fileRef = B6C4624826933568007E28C8 /* LaunchScreen.storyboard */; };
		B6E6185126934DFD005FAC3D /* MainTabBarController.swift in Sources */ = {isa = PBXBuildFile; fileRef = B6E6185026934DFD005FAC3D /* MainTabBarController.swift */; };
		B6E618532693516B005FAC3D /* Main.storyboard in Resources */ = {isa = PBXBuildFile; fileRef = B6E618522693516B005FAC3D /* Main.storyboard */; };
		B6E61859269351DA005FAC3D /* Template.storyboard in Resources */ = {isa = PBXBuildFile; fileRef = B6E61858269351DA005FAC3D /* Template.storyboard */; };
		B6E6185B26935255005FAC3D /* Form.storyboard in Resources */ = {isa = PBXBuildFile; fileRef = B6E6185A26935255005FAC3D /* Form.storyboard */; };
		B6E6185D2693529A005FAC3D /* Chat.storyboard in Resources */ = {isa = PBXBuildFile; fileRef = B6E6185C2693529A005FAC3D /* Chat.storyboard */; };
		B6E6185F269352C8005FAC3D /* MyPage.storyboard in Resources */ = {isa = PBXBuildFile; fileRef = B6E6185E269352C8005FAC3D /* MyPage.storyboard */; };
/* End PBXBuildFile section */

/* Begin PBXFileReference section */
		0A24FD1B15524829F0F9E31D /* Pods-GDG_Alibi.release.xcconfig */ = {isa = PBXFileReference; includeInIndex = 1; lastKnownFileType = text.xcconfig; name = "Pods-GDG_Alibi.release.xcconfig"; path = "Target Support Files/Pods-GDG_Alibi/Pods-GDG_Alibi.release.xcconfig"; sourceTree = "<group>"; };
		75106E448921931102A6D361 /* Pods-GDG_Alibi.debug.xcconfig */ = {isa = PBXFileReference; includeInIndex = 1; lastKnownFileType = text.xcconfig; name = "Pods-GDG_Alibi.debug.xcconfig"; path = "Target Support Files/Pods-GDG_Alibi/Pods-GDG_Alibi.debug.xcconfig"; sourceTree = "<group>"; };
		B6B6024D269348BE005E5E34 /* Home.storyboard */ = {isa = PBXFileReference; lastKnownFileType = file.storyboard; path = Home.storyboard; sourceTree = "<group>"; };
		B6C4623A26933567007E28C8 /* GDG_Alibi.app */ = {isa = PBXFileReference; explicitFileType = wrapper.application; includeInIndex = 0; path = GDG_Alibi.app; sourceTree = BUILT_PRODUCTS_DIR; };
		B6C4623D26933567007E28C8 /* AppDelegate.swift */ = {isa = PBXFileReference; lastKnownFileType = sourcecode.swift; path = AppDelegate.swift; sourceTree = "<group>"; };
		B6C4624626933568007E28C8 /* Assets.xcassets */ = {isa = PBXFileReference; lastKnownFileType = folder.assetcatalog; path = Assets.xcassets; sourceTree = "<group>"; };
		B6C4624926933568007E28C8 /* Base */ = {isa = PBXFileReference; lastKnownFileType = file.storyboard; name = Base; path = Base.lproj/LaunchScreen.storyboard; sourceTree = "<group>"; };
		B6C4624B26933568007E28C8 /* Info.plist */ = {isa = PBXFileReference; lastKnownFileType = text.plist.xml; path = Info.plist; sourceTree = "<group>"; };
		B6E6185026934DFD005FAC3D /* MainTabBarController.swift */ = {isa = PBXFileReference; lastKnownFileType = sourcecode.swift; path = MainTabBarController.swift; sourceTree = "<group>"; };
		B6E618522693516B005FAC3D /* Main.storyboard */ = {isa = PBXFileReference; lastKnownFileType = file.storyboard; path = Main.storyboard; sourceTree = "<group>"; };
		B6E61858269351DA005FAC3D /* Template.storyboard */ = {isa = PBXFileReference; lastKnownFileType = file.storyboard; path = Template.storyboard; sourceTree = "<group>"; };
		B6E6185A26935255005FAC3D /* Form.storyboard */ = {isa = PBXFileReference; lastKnownFileType = file.storyboard; path = Form.storyboard; sourceTree = "<group>"; };
		B6E6185C2693529A005FAC3D /* Chat.storyboard */ = {isa = PBXFileReference; lastKnownFileType = file.storyboard; path = Chat.storyboard; sourceTree = "<group>"; };
		B6E6185E269352C8005FAC3D /* MyPage.storyboard */ = {isa = PBXFileReference; lastKnownFileType = file.storyboard; path = MyPage.storyboard; sourceTree = "<group>"; };
		EB88BF19C0382508B5A12209 /* Pods_GDG_Alibi.framework */ = {isa = PBXFileReference; explicitFileType = wrapper.framework; includeInIndex = 0; path = Pods_GDG_Alibi.framework; sourceTree = BUILT_PRODUCTS_DIR; };
/* End PBXFileReference section */

/* Begin PBXFrameworksBuildPhase section */
		B6C4623726933567007E28C8 /* Frameworks */ = {
			isa = PBXFrameworksBuildPhase;
			buildActionMask = 2147483647;
			files = (
				8CC1FF200AC5664ECB61768C /* Pods_GDG_Alibi.framework in Frameworks */,
			);
			runOnlyForDeploymentPostprocessing = 0;
		};
/* End PBXFrameworksBuildPhase section */

/* Begin PBXGroup section */
		699E8C4DD0E498730D87A5C5 /* Frameworks */ = {
			isa = PBXGroup;
			children = (
				EB88BF19C0382508B5A12209 /* Pods_GDG_Alibi.framework */,
			);
			name = Frameworks;
			sourceTree = "<group>";
		};
		A350F60B0487EF5F4556602B /* Pods */ = {
			isa = PBXGroup;
			children = (
				75106E448921931102A6D361 /* Pods-GDG_Alibi.debug.xcconfig */,
				0A24FD1B15524829F0F9E31D /* Pods-GDG_Alibi.release.xcconfig */,
			);
			path = Pods;
			sourceTree = "<group>";
		};
		B6B6024526934782005E5E34 /* Supporting Files */ = {
			isa = PBXGroup;
			children = (
				B6C4624826933568007E28C8 /* LaunchScreen.storyboard */,
				B6C4624B26933568007E28C8 /* Info.plist */,
			);
			name = "Supporting Files";
			sourceTree = "<group>";
		};
		B6B602472693479B005E5E34 /* Resource */ = {
			isa = PBXGroup;
			children = (
				B6C4624626933568007E28C8 /* Assets.xcassets */,
			);
			name = Resource;
			sourceTree = "<group>";
		};
		B6B602482693486A005E5E34 /* 홈 */ = {
			isa = PBXGroup;
			children = (
				B6B6024D269348BE005E5E34 /* Home.storyboard */,
			);
			name = "홈";
			path = "홈";
			sourceTree = "<group>";
		};
		B6C4623126933567007E28C8 = {
			isa = PBXGroup;
			children = (
				B6C4623C26933567007E28C8 /* GDG_Alibi */,
				B6C4623B26933567007E28C8 /* Products */,
				A350F60B0487EF5F4556602B /* Pods */,
				699E8C4DD0E498730D87A5C5 /* Frameworks */,
			);
			sourceTree = "<group>";
		};
		B6C4623B26933567007E28C8 /* Products */ = {
			isa = PBXGroup;
			children = (
				B6C4623A26933567007E28C8 /* GDG_Alibi.app */,
			);
			name = Products;
			sourceTree = "<group>";
		};
		B6C4623C26933567007E28C8 /* GDG_Alibi */ = {
			isa = PBXGroup;
			children = (
				B6C4623D26933567007E28C8 /* AppDelegate.swift */,
				B6E6185026934DFD005FAC3D /* MainTabBarController.swift */,
				B6E618522693516B005FAC3D /* Main.storyboard */,
				B6E6184F26934D97005FAC3D /* User Interface */,
				B6B602472693479B005E5E34 /* Resource */,
				B6B6024526934782005E5E34 /* Supporting Files */,
			);
			path = GDG_Alibi;
			sourceTree = "<group>";
		};
		B6E6184F26934D97005FAC3D /* User Interface */ = {
			isa = PBXGroup;
			children = (
				B6B602482693486A005E5E34 /* 홈 */,
				B6E61854269351AD005FAC3D /* 템플릿 */,
				B6E61855269351BA005FAC3D /* 요청 */,
				B6E61856269351BF005FAC3D /* 채팅 */,
				B6E61857269351C5005FAC3D /* 마이 */,
			);
			name = "User Interface";
			sourceTree = "<group>";
		};
		B6E61854269351AD005FAC3D /* 템플릿 */ = {
			isa = PBXGroup;
			children = (
				B6E61858269351DA005FAC3D /* Template.storyboard */,
			);
			name = "템플릿";
			path = "템플릿";
			sourceTree = "<group>";
		};
		B6E61855269351BA005FAC3D /* 요청 */ = {
			isa = PBXGroup;
			children = (
				B6E6185A26935255005FAC3D /* Form.storyboard */,
			);
			name = "요청";
			path = "요청";
			sourceTree = "<group>";
		};
		B6E61856269351BF005FAC3D /* 채팅 */ = {
			isa = PBXGroup;
			children = (
				B6E6185C2693529A005FAC3D /* Chat.storyboard */,
			);
			name = "채팅";
			path = "채팅";
			sourceTree = "<group>";
		};
		B6E61857269351C5005FAC3D /* 마이 */ = {
			isa = PBXGroup;
			children = (
				B6E6185E269352C8005FAC3D /* MyPage.storyboard */,
			);
			name = "마이";
			path = "마이";
			sourceTree = "<group>";
		};
/* End PBXGroup section */

/* Begin PBXNativeTarget section */
		B6C4623926933567007E28C8 /* GDG_Alibi */ = {
			isa = PBXNativeTarget;
			buildConfigurationList = B6C4624E26933568007E28C8 /* Build configuration list for PBXNativeTarget "GDG_Alibi" */;
			buildPhases = (
				471A0CD2D068888204FF3446 /* [CP] Check Pods Manifest.lock */,
				B6C4623626933567007E28C8 /* Sources */,
				B6C4623726933567007E28C8 /* Frameworks */,
				B6C4623826933567007E28C8 /* Resources */,
			);
			buildRules = (
			);
			dependencies = (
			);
			name = GDG_Alibi;
			productName = GDG_Alibi;
			productReference = B6C4623A26933567007E28C8 /* GDG_Alibi.app */;
			productType = "com.apple.product-type.application";
		};
/* End PBXNativeTarget section */

/* Begin PBXProject section */
		B6C4623226933567007E28C8 /* Project object */ = {
			isa = PBXProject;
			attributes = {
				LastSwiftUpdateCheck = 1250;
				LastUpgradeCheck = 1250;
				TargetAttributes = {
					B6C4623926933567007E28C8 = {
						CreatedOnToolsVersion = 12.5;
					};
				};
			};
			buildConfigurationList = B6C4623526933567007E28C8 /* Build configuration list for PBXProject "GDG_Alibi" */;
			compatibilityVersion = "Xcode 9.3";
			developmentRegion = en;
			hasScannedForEncodings = 0;
			knownRegions = (
				en,
				Base,
			);
			mainGroup = B6C4623126933567007E28C8;
			productRefGroup = B6C4623B26933567007E28C8 /* Products */;
			projectDirPath = "";
			projectRoot = "";
			targets = (
				B6C4623926933567007E28C8 /* GDG_Alibi */,
			);
		};
/* End PBXProject section */

/* Begin PBXResourcesBuildPhase section */
		B6C4623826933567007E28C8 /* Resources */ = {
			isa = PBXResourcesBuildPhase;
			buildActionMask = 2147483647;
			files = (
				B6E6185D2693529A005FAC3D /* Chat.storyboard in Resources */,
				B6C4624A26933568007E28C8 /* LaunchScreen.storyboard in Resources */,
				B6C4624726933568007E28C8 /* Assets.xcassets in Resources */,
				B6E6185F269352C8005FAC3D /* MyPage.storyboard in Resources */,
				B6E61859269351DA005FAC3D /* Template.storyboard in Resources */,
				B6B6024E269348BE005E5E34 /* Home.storyboard in Resources */,
				B6E6185B26935255005FAC3D /* Form.storyboard in Resources */,
				B6E618532693516B005FAC3D /* Main.storyboard in Resources */,
			);
			runOnlyForDeploymentPostprocessing = 0;
		};
/* End PBXResourcesBuildPhase section */

/* Begin PBXShellScriptBuildPhase section */
		471A0CD2D068888204FF3446 /* [CP] Check Pods Manifest.lock */ = {
			isa = PBXShellScriptBuildPhase;
			buildActionMask = 2147483647;
			files = (
			);
			inputFileListPaths = (
			);
			inputPaths = (
				"${PODS_PODFILE_DIR_PATH}/Podfile.lock",
				"${PODS_ROOT}/Manifest.lock",
			);
			name = "[CP] Check Pods Manifest.lock";
			outputFileListPaths = (
			);
			outputPaths = (
				"$(DERIVED_FILE_DIR)/Pods-GDG_Alibi-checkManifestLockResult.txt",
			);
			runOnlyForDeploymentPostprocessing = 0;
			shellPath = /bin/sh;
			shellScript = "diff \"${PODS_PODFILE_DIR_PATH}/Podfile.lock\" \"${PODS_ROOT}/Manifest.lock\" > /dev/null\nif [ $? != 0 ] ; then\n    # print error to STDERR\n    echo \"error: The sandbox is not in sync with the Podfile.lock. Run 'pod install' or update your CocoaPods installation.\" >&2\n    exit 1\nfi\n# This output is used by Xcode 'outputs' to avoid re-running this script phase.\necho \"SUCCESS\" > \"${SCRIPT_OUTPUT_FILE_0}\"\n";
			showEnvVarsInLog = 0;
		};
/* End PBXShellScriptBuildPhase section */

/* Begin PBXSourcesBuildPhase section */
		B6C4623626933567007E28C8 /* Sources */ = {
			isa = PBXSourcesBuildPhase;
			buildActionMask = 2147483647;
			files = (
				B6E6185126934DFD005FAC3D /* MainTabBarController.swift in Sources */,
				B6C4623E26933567007E28C8 /* AppDelegate.swift in Sources */,
			);
			runOnlyForDeploymentPostprocessing = 0;
		};
/* End PBXSourcesBuildPhase section */

/* Begin PBXVariantGroup section */
		B6C4624826933568007E28C8 /* LaunchScreen.storyboard */ = {
			isa = PBXVariantGroup;
			children = (
				B6C4624926933568007E28C8 /* Base */,
			);
			name = LaunchScreen.storyboard;
			sourceTree = "<group>";
		};
/* End PBXVariantGroup section */

/* Begin XCBuildConfiguration section */
		B6C4624C26933568007E28C8 /* Debug */ = {
			isa = XCBuildConfiguration;
			buildSettings = {
				ALWAYS_SEARCH_USER_PATHS = NO;
				CLANG_ANALYZER_NONNULL = YES;
				CLANG_ANALYZER_NUMBER_OBJECT_CONVERSION = YES_AGGRESSIVE;
				CLANG_CXX_LANGUAGE_STANDARD = "gnu++14";
				CLANG_CXX_LIBRARY = "libc++";
				CLANG_ENABLE_MODULES = YES;
				CLANG_ENABLE_OBJC_ARC = YES;
				CLANG_ENABLE_OBJC_WEAK = YES;
				CLANG_WARN_BLOCK_CAPTURE_AUTORELEASING = YES;
				CLANG_WARN_BOOL_CONVERSION = YES;
				CLANG_WARN_COMMA = YES;
				CLANG_WARN_CONSTANT_CONVERSION = YES;
				CLANG_WARN_DEPRECATED_OBJC_IMPLEMENTATIONS = YES;
				CLANG_WARN_DIRECT_OBJC_ISA_USAGE = YES_ERROR;
				CLANG_WARN_DOCUMENTATION_COMMENTS = YES;
				CLANG_WARN_EMPTY_BODY = YES;
				CLANG_WARN_ENUM_CONVERSION = YES;
				CLANG_WARN_INFINITE_RECURSION = YES;
				CLANG_WARN_INT_CONVERSION = YES;
				CLANG_WARN_NON_LITERAL_NULL_CONVERSION = YES;
				CLANG_WARN_OBJC_IMPLICIT_RETAIN_SELF = YES;
				CLANG_WARN_OBJC_LITERAL_CONVERSION = YES;
				CLANG_WARN_OBJC_ROOT_CLASS = YES_ERROR;
				CLANG_WARN_QUOTED_INCLUDE_IN_FRAMEWORK_HEADER = YES;
				CLANG_WARN_RANGE_LOOP_ANALYSIS = YES;
				CLANG_WARN_STRICT_PROTOTYPES = YES;
				CLANG_WARN_SUSPICIOUS_MOVE = YES;
				CLANG_WARN_UNGUARDED_AVAILABILITY = YES_AGGRESSIVE;
				CLANG_WARN_UNREACHABLE_CODE = YES;
				CLANG_WARN__DUPLICATE_METHOD_MATCH = YES;
				COPY_PHASE_STRIP = NO;
				DEBUG_INFORMATION_FORMAT = dwarf;
				ENABLE_STRICT_OBJC_MSGSEND = YES;
				ENABLE_TESTABILITY = YES;
				GCC_C_LANGUAGE_STANDARD = gnu11;
				GCC_DYNAMIC_NO_PIC = NO;
				GCC_NO_COMMON_BLOCKS = YES;
				GCC_OPTIMIZATION_LEVEL = 0;
				GCC_PREPROCESSOR_DEFINITIONS = (
					"DEBUG=1",
					"$(inherited)",
				);
				GCC_WARN_64_TO_32_BIT_CONVERSION = YES;
				GCC_WARN_ABOUT_RETURN_TYPE = YES_ERROR;
				GCC_WARN_UNDECLARED_SELECTOR = YES;
				GCC_WARN_UNINITIALIZED_AUTOS = YES_AGGRESSIVE;
				GCC_WARN_UNUSED_FUNCTION = YES;
				GCC_WARN_UNUSED_VARIABLE = YES;
				IPHONEOS_DEPLOYMENT_TARGET = 14.5;
				MTL_ENABLE_DEBUG_INFO = INCLUDE_SOURCE;
				MTL_FAST_MATH = YES;
				ONLY_ACTIVE_ARCH = YES;
				SDKROOT = iphoneos;
				SWIFT_ACTIVE_COMPILATION_CONDITIONS = DEBUG;
				SWIFT_OPTIMIZATION_LEVEL = "-Onone";
			};
			name = Debug;
		};
		B6C4624D26933568007E28C8 /* Release */ = {
			isa = XCBuildConfiguration;
			buildSettings = {
				ALWAYS_SEARCH_USER_PATHS = NO;
				CLANG_ANALYZER_NONNULL = YES;
				CLANG_ANALYZER_NUMBER_OBJECT_CONVERSION = YES_AGGRESSIVE;
				CLANG_CXX_LANGUAGE_STANDARD = "gnu++14";
				CLANG_CXX_LIBRARY = "libc++";
				CLANG_ENABLE_MODULES = YES;
				CLANG_ENABLE_OBJC_ARC = YES;
				CLANG_ENABLE_OBJC_WEAK = YES;
				CLANG_WARN_BLOCK_CAPTURE_AUTORELEASING = YES;
				CLANG_WARN_BOOL_CONVERSION = YES;
				CLANG_WARN_COMMA = YES;
				CLANG_WARN_CONSTANT_CONVERSION = YES;
				CLANG_WARN_DEPRECATED_OBJC_IMPLEMENTATIONS = YES;
				CLANG_WARN_DIRECT_OBJC_ISA_USAGE = YES_ERROR;
				CLANG_WARN_DOCUMENTATION_COMMENTS = YES;
				CLANG_WARN_EMPTY_BODY = YES;
				CLANG_WARN_ENUM_CONVERSION = YES;
				CLANG_WARN_INFINITE_RECURSION = YES;
				CLANG_WARN_INT_CONVERSION = YES;
				CLANG_WARN_NON_LITERAL_NULL_CONVERSION = YES;
				CLANG_WARN_OBJC_IMPLICIT_RETAIN_SELF = YES;
				CLANG_WARN_OBJC_LITERAL_CONVERSION = YES;
				CLANG_WARN_OBJC_ROOT_CLASS = YES_ERROR;
				CLANG_WARN_QUOTED_INCLUDE_IN_FRAMEWORK_HEADER = YES;
				CLANG_WARN_RANGE_LOOP_ANALYSIS = YES;
				CLANG_WARN_STRICT_PROTOTYPES = YES;
				CLANG_WARN_SUSPICIOUS_MOVE = YES;
				CLANG_WARN_UNGUARDED_AVAILABILITY = YES_AGGRESSIVE;
				CLANG_WARN_UNREACHABLE_CODE = YES;
				CLANG_WARN__DUPLICATE_METHOD_MATCH = YES;
				COPY_PHASE_STRIP = NO;
				DEBUG_INFORMATION_FORMAT = "dwarf-with-dsym";
				ENABLE_NS_ASSERTIONS = NO;
				ENABLE_STRICT_OBJC_MSGSEND = YES;
				GCC_C_LANGUAGE_STANDARD = gnu11;
				GCC_NO_COMMON_BLOCKS = YES;
				GCC_WARN_64_TO_32_BIT_CONVERSION = YES;
				GCC_WARN_ABOUT_RETURN_TYPE = YES_ERROR;
				GCC_WARN_UNDECLARED_SELECTOR = YES;
				GCC_WARN_UNINITIALIZED_AUTOS = YES_AGGRESSIVE;
				GCC_WARN_UNUSED_FUNCTION = YES;
				GCC_WARN_UNUSED_VARIABLE = YES;
				IPHONEOS_DEPLOYMENT_TARGET = 14.5;
				MTL_ENABLE_DEBUG_INFO = NO;
				MTL_FAST_MATH = YES;
				SDKROOT = iphoneos;
				SWIFT_COMPILATION_MODE = wholemodule;
				SWIFT_OPTIMIZATION_LEVEL = "-O";
				VALIDATE_PRODUCT = YES;
			};
			name = Release;
		};
		B6C4624F26933568007E28C8 /* Debug */ = {
			isa = XCBuildConfiguration;
			baseConfigurationReference = 75106E448921931102A6D361 /* Pods-GDG_Alibi.debug.xcconfig */;
			buildSettings = {
				ASSETCATALOG_COMPILER_APPICON_NAME = AppIcon;
				ASSETCATALOG_COMPILER_GLOBAL_ACCENT_COLOR_NAME = AccentColor;
				CODE_SIGN_STYLE = Automatic;
				DEVELOPMENT_TEAM = "";
				INFOPLIST_FILE = GDG_Alibi/Info.plist;
				IPHONEOS_DEPLOYMENT_TARGET = 14.1;
				LD_RUNPATH_SEARCH_PATHS = (
					"$(inherited)",
					"@executable_path/Frameworks",
				);
				PRODUCT_BUNDLE_IDENTIFIER = "com.alibi.GDG-Alibi";
				PRODUCT_NAME = "$(TARGET_NAME)";
				SWIFT_VERSION = 5.0;
				TARGETED_DEVICE_FAMILY = 1;
			};
			name = Debug;
		};
		B6C4625026933568007E28C8 /* Release */ = {
			isa = XCBuildConfiguration;
			baseConfigurationReference = 0A24FD1B15524829F0F9E31D /* Pods-GDG_Alibi.release.xcconfig */;
			buildSettings = {
				ASSETCATALOG_COMPILER_APPICON_NAME = AppIcon;
				ASSETCATALOG_COMPILER_GLOBAL_ACCENT_COLOR_NAME = AccentColor;
				CODE_SIGN_STYLE = Automatic;
				DEVELOPMENT_TEAM = "";
				INFOPLIST_FILE = GDG_Alibi/Info.plist;
				IPHONEOS_DEPLOYMENT_TARGET = 14.1;
				LD_RUNPATH_SEARCH_PATHS = (
					"$(inherited)",
					"@executable_path/Frameworks",
				);
				PRODUCT_BUNDLE_IDENTIFIER = "com.alibi.GDG-Alibi";
				PRODUCT_NAME = "$(TARGET_NAME)";
				SWIFT_VERSION = 5.0;
				TARGETED_DEVICE_FAMILY = 1;
			};
			name = Release;
		};
/* End XCBuildConfiguration section */

/* Begin XCConfigurationList section */
		B6C4623526933567007E28C8 /* Build configuration list for PBXProject "GDG_Alibi" */ = {
			isa = XCConfigurationList;
			buildConfigurations = (
				B6C4624C26933568007E28C8 /* Debug */,
				B6C4624D26933568007E28C8 /* Release */,
			);
			defaultConfigurationIsVisible = 0;
			defaultConfigurationName = Release;
		};
		B6C4624E26933568007E28C8 /* Build configuration list for PBXNativeTarget "GDG_Alibi" */ = {
			isa = XCConfigurationList;
			buildConfigurations = (
				B6C4624F26933568007E28C8 /* Debug */,
				B6C4625026933568007E28C8 /* Release */,
			);
			defaultConfigurationIsVisible = 0;
			defaultConfigurationName = Release;
		};
/* End XCConfigurationList section */
	};
	rootObject = B6C4623226933567007E28C8 /* Project object */;
}
